<Solution>
  <Folder Name="/src/">
    <Project Path="Prompteer.Application/Prompteer.Application.csproj" />
    <Project Path="Prompteer.Domain/Prompteer.Domain.csproj" />
    <Project Path="Prompteer.Infrastructure/Prompteer.Infrastructure.csproj" />
    <Project Path="Prompteer.Web/Prompteer.Web.csproj" />
    <Project Path="Prompteer.Application.Tests/Prompteer.Application.Tests.csproj" />
    <Project Path="Prompteer.Domain.Tests/Prompteer.Domain.Tests.csproj" />
  </Folder>
</Solution>
